
Microsoft Visual Studio Solution File, Format Version 12.00
# Visual Studio Version 16
VisualStudioVersion = 16.0.31025.194
MinimumVisualStudioVersion = 10.0.40219.1
Project("{FAE04EC0-301F-11D3-BF4B-00C04F79EFBC}") = "Notification.UWP", "Notification\Notification.UWP\Notification.UWP.csproj", "{2E68FF62-C932-4A5D-A904-501F882D09ED}"
EndProject
Project("{FAE04EC0-301F-11D3-BF4B-00C04F79EFBC}") = "Notification.Android", "Notification\Notification.Android\Notification.Android.csproj", "{A1EDC82D-1C58-4F35-938F-388DD431C572}"
EndProject
Project("{FAE04EC0-301F-11D3-BF4B-00C04F79EFBC}") = "Notification.iOS", "Notification\Notification.iOS\Notification.iOS.csproj", "{7A47E835-AB00-4B7B-B329-12AA40C5481D}"
EndProject
Project("{FAE04EC0-301F-11D3-BF4B-00C04F79EFBC}") = "Notification", "Notification\Notification\Notification.csproj", "{80EB4F68-A588-418F-894F-FBAF4BCE1915}"
EndProject
Global
	GlobalSection(SolutionConfigurationPlatforms) = preSolution
		Debug|Any CPU = Debug|Any CPU
		Debug|ARM = Debug|ARM
		Debug|iPhone = Debug|iPhone
		Debug|iPhoneSimulator = Debug|iPhoneSimulator
		Debug|x64 = Debug|x64
		Debug|x86 = Debug|x86
		Release|Any CPU = Release|Any CPU
		Release|ARM = Release|ARM
		Release|iPhone = Release|iPhone
		Release|iPhoneSimulator = Release|iPhoneSimulator
		Release|x64 = Release|x64
		Release|x86 = Release|x86
	EndGlobalSection
	GlobalSection(ProjectConfigurationPlatforms) = postSolution
		{2E68FF62-C932-4A5D-A904-501F882D09ED}.Debug|Any CPU.ActiveCfg = Debug|x86
		{2E68FF62-C932-4A5D-A904-501F882D09ED}.Debug|Any CPU.Build.0 = Debug|x86
		{2E68FF62-C932-4A5D-A904-501F882D09ED}.Debug|Any CPU.Deploy.0 = Debug|x86
		{2E68FF62-C932-4A5D-A904-501F882D09ED}.Debug|ARM.ActiveCfg = Debug|ARM
		{2E68FF62-C932-4A5D-A904-501F882D09ED}.Debug|ARM.Build.0 = Debug|ARM
		{2E68FF62-C932-4A5D-A904-501F882D09ED}.Debug|ARM.Deploy.0 = Debug|ARM
		{2E68FF62-C932-4A5D-A904-501F882D09ED}.Debug|iPhone.ActiveCfg = Debug|x86
		{2E68FF62-C932-4A5D-A904-501F882D09ED}.Debug|iPhone.Build.0 = Debug|x86
		{2E68FF62-C932-4A5D-A904-501F882D09ED}.Debug|iPhone.Deploy.0 = Debug|x86
		{2E68FF62-C932-4A5D-A904-501F882D09ED}.Debug|iPhoneSimulator.ActiveCfg = Debug|x86
		{2E68FF62-C932-4A5D-A904-501F882D09ED}.Debug|iPhoneSimulator.Build.0 = Debug|x86
		{2E68FF62-C932-4A5D-A904-501F882D09ED}.Debug|iPhoneSimulator.Deploy.0 = Debug|x86
		{2E68FF62-C932-4A5D-A904-501F882D09ED}.Debug|x64.ActiveCfg = Debug|x64
		{2E68FF62-C932-4A5D-A904-501F882D09ED}.Debug|x64.Build.0 = Debug|x64
		{2E68FF62-C932-4A5D-A904-501F882D09ED}.Debug|x64.Deploy.0 = Debug|x64
		{2E68FF62-C932-4A5D-A904-501F882D09ED}.Debug|x86.ActiveCfg = Debug|x86
		{2E68FF62-C932-4A5D-A904-501F882D09ED}.Debug|x86.Build.0 = Debug|x86
		{2E68FF62-C932-4A5D-A904-501F882D09ED}.Debug|x86.Deploy.0 = Debug|x86
		{2E68FF62-C932-4A5D-A904-501F882D09ED}.Release|Any CPU.ActiveCfg = Release|x86
		{2E68FF62-C932-4A5D-A904-501F882D09ED}.Release|Any CPU.Build.0 = Release|x86
		{2E68FF62-C932-4A5D-A904-501F882D09ED}.Release|Any CPU.Deploy.0 = Release|x86
		{2E68FF62-C932-4A5D-A904-501F882D09ED}.Release|ARM.ActiveCfg = Release|ARM
		{2E68FF62-C932-4A5D-A904-501F882D09ED}.Release|ARM.Build.0 = Release|ARM
		{2E68FF62-C932-4A5D-A904-501F882D09ED}.Release|ARM.Deploy.0 = Release|ARM
		{2E68FF62-C932-4A5D-A904-501F882D09ED}.Release|iPhone.ActiveCfg = Release|x86
		{2E68FF62-C932-4A5D-A904-501F882D09ED}.Release|iPhone.Build.0 = Release|x86
		{2E68FF62-C932-4A5D-A904-501F882D09ED}.Release|iPhone.Deploy.0 = Release|x86
		{2E68FF62-C932-4A5D-A904-501F882D09ED}.Release|iPhoneSimulator.ActiveCfg = Release|x86
		{2E68FF62-C932-4A5D-A904-501F882D09ED}.Release|iPhoneSimulator.Build.0 = Release|x86
		{2E68FF62-C932-4A5D-A904-501F882D09ED}.Release|iPhoneSimulator.Deploy.0 = Release|x86
		{2E68FF62-C932-4A5D-A904-501F882D09ED}.Release|x64.ActiveCfg = Release|x64
		{2E68FF62-C932-4A5D-A904-501F882D09ED}.Release|x64.Build.0 = Release|x64
		{2E68FF62-C932-4A5D-A904-501F882D09ED}.Release|x64.Deploy.0 = Release|x64
		{2E68FF62-C932-4A5D-A904-501F882D09ED}.Release|x86.ActiveCfg = Release|x86
		{2E68FF62-C932-4A5D-A904-501F882D09ED}.Release|x86.Build.0 = Release|x86
		{2E68FF62-C932-4A5D-A904-501F882D09ED}.Release|x86.Deploy.0 = Release|x86
		{A1EDC82D-1C58-4F35-938F-388DD431C572}.Debug|Any CPU.ActiveCfg = Debug|Any CPU
		{A1EDC82D-1C58-4F35-938F-388DD431C572}.Debug|Any CPU.Build.0 = Debug|Any CPU
		{A1EDC82D-1C58-4F35-938F-388DD431C572}.Debug|Any CPU.Deploy.0 = Debug|Any CPU
		{A1EDC82D-1C58-4F35-938F-388DD431C572}.Debug|ARM.ActiveCfg = Debug|Any CPU
		{A1EDC82D-1C58-4F35-938F-388DD431C572}.Debug|ARM.Build.0 = Debug|Any CPU
		{A1EDC82D-1C58-4F35-938F-388DD431C572}.Debug|ARM.Deploy.0 = Debug|Any CPU
		{A1EDC82D-1C58-4F35-938F-388DD431C572}.Debug|iPhone.ActiveCfg = Debug|Any CPU
		{A1EDC82D-1C58-4F35-938F-388DD431C572}.Debug|iPhone.Build.0 = Debug|Any CPU
		{A1EDC82D-1C58-4F35-938F-388DD431C572}.Debug|iPhone.Deploy.0 = Debug|Any CPU
		{A1EDC82D-1C58-4F35-938F-388DD431C572}.Debug|iPhoneSimulator.ActiveCfg = Debug|Any CPU
		{A1EDC82D-1C58-4F35-938F-388DD431C572}.Debug|iPhoneSimulator.Build.0 = Debug|Any CPU
		{A1EDC82D-1C58-4F35-938F-388DD431C572}.Debug|iPhoneSimulator.Deploy.0 = Debug|Any CPU
		{A1EDC82D-1C58-4F35-938F-388DD431C572}.Debug|x64.ActiveCfg = Debug|Any CPU
		{A1EDC82D-1C58-4F35-938F-388DD431C572}.Debug|x64.Build.0 = Debug|Any CPU
		{A1EDC82D-1C58-4F35-938F-388DD431C572}.Debug|x64.Deploy.0 = Debug|Any CPU
		{A1EDC82D-1C58-4F35-938F-388DD431C572}.Debug|x86.ActiveCfg = Debug|Any CPU
		{A1EDC82D-1C58-4F35-938F-388DD431C572}.Debug|x86.Build.0 = Debug|Any CPU
		{A1EDC82D-1C58-4F35-938F-388DD431C572}.Debug|x86.Deploy.0 = Debug|Any CPU
		{A1EDC82D-1C58-4F35-938F-388DD431C572}.Release|Any CPU.ActiveCfg = Release|Any CPU
		{A1EDC82D-1C58-4F35-938F-388DD431C572}.Release|Any CPU.Build.0 = Release|Any CPU
		{A1EDC82D-1C58-4F35-938F-388DD431C572}.Release|Any CPU.Deploy.0 = Release|Any CPU
		{A1EDC82D-1C58-4F35-938F-388DD431C572}.Release|ARM.ActiveCfg = Release|Any CPU
		{A1EDC82D-1C58-4F35-938F-388DD431C572}.Release|ARM.Build.0 = Release|Any CPU
		{A1EDC82D-1C58-4F35-938F-388DD431C572}.Release|ARM.Deploy.0 = Release|Any CPU
		{A1EDC82D-1C58-4F35-938F-388DD431C572}.Release|iPhone.ActiveCfg = Release|Any CPU
		{A1EDC82D-1C58-4F35-938F-388DD431C572}.Release|iPhone.Build.0 = Release|Any CPU
		{A1EDC82D-1C58-4F35-938F-388DD431C572}.Release|iPhone.Deploy.0 = Release|Any CPU
		{A1EDC82D-1C58-4F35-938F-388DD431C572}.Release|iPhoneSimulator.ActiveCfg = Release|Any CPU
		{A1EDC82D-1C58-4F35-938F-388DD431C572}.Release|iPhoneSimulator.Build.0 = Release|Any CPU
		{A1EDC82D-1C58-4F35-938F-388DD431C572}.Release|iPhoneSimulator.Deploy.0 = Release|Any CPU
		{A1EDC82D-1C58-4F35-938F-388DD431C572}.Release|x64.ActiveCfg = Release|Any CPU
		{A1EDC82D-1C58-4F35-938F-388DD431C572}.Release|x64.Build.0 = Release|Any CPU
		{A1EDC82D-1C58-4F35-938F-388DD431C572}.Release|x64.Deploy.0 = Release|Any CPU
		{A1EDC82D-1C58-4F35-938F-388DD431C572}.Release|x86.ActiveCfg = Release|Any CPU
		{A1EDC82D-1C58-4F35-938F-388DD431C572}.Release|x86.Build.0 = Release|Any CPU
		{A1EDC82D-1C58-4F35-938F-388DD431C572}.Release|x86.Deploy.0 = Release|Any CPU
		{7A47E835-AB00-4B7B-B329-12AA40C5481D}.Debug|Any CPU.ActiveCfg = Debug|iPhoneSimulator
		{7A47E835-AB00-4B7B-B329-12AA40C5481D}.Debug|Any CPU.Build.0 = Debug|iPhoneSimulator
		{7A47E835-AB00-4B7B-B329-12AA40C5481D}.Debug|Any CPU.Deploy.0 = Debug|iPhoneSimulator
		{7A47E835-AB00-4B7B-B329-12AA40C5481D}.Debug|ARM.ActiveCfg = Debug|iPhone
		{7A47E835-AB00-4B7B-B329-12AA40C5481D}.Debug|ARM.Build.0 = Debug|iPhone
		{7A47E835-AB00-4B7B-B329-12AA40C5481D}.Debug|ARM.Deploy.0 = Debug|iPhone
		{7A47E835-AB00-4B7B-B329-12AA40C5481D}.Debug|iPhone.ActiveCfg = Debug|iPhone
		{7A47E835-AB00-4B7B-B329-12AA40C5481D}.Debug|iPhone.Build.0 = Debug|iPhone
		{7A47E835-AB00-4B7B-B329-12AA40C5481D}.Debug|iPhone.Deploy.0 = Debug|iPhone
		{7A47E835-AB00-4B7B-B329-12AA40C5481D}.Debug|iPhoneSimulator.ActiveCfg = Debug|iPhoneSimulator
		{7A47E835-AB00-4B7B-B329-12AA40C5481D}.Debug|iPhoneSimulator.Build.0 = Debug|iPhoneSimulator
		{7A47E835-AB00-4B7B-B329-12AA40C5481D}.Debug|iPhoneSimulator.Deploy.0 = Debug|iPhoneSimulator
		{7A47E835-AB00-4B7B-B329-12AA40C5481D}.Debug|x64.ActiveCfg = Debug|iPhoneSimulator
		{7A47E835-AB00-4B7B-B329-12AA40C5481D}.Debug|x64.Build.0 = Debug|iPhoneSimulator
		{7A47E835-AB00-4B7B-B329-12AA40C5481D}.Debug|x64.Deploy.0 = Debug|iPhoneSimulator
		{7A47E835-AB00-4B7B-B329-12AA40C5481D}.Debug|x86.ActiveCfg = Debug|iPhoneSimulator
		{7A47E835-AB00-4B7B-B329-12AA40C5481D}.Debug|x86.Build.0 = Debug|iPhoneSimulator
		{7A47E835-AB00-4B7B-B329-12AA40C5481D}.Debug|x86.Deploy.0 = Debug|iPhoneSimulator
		{7A47E835-AB00-4B7B-B329-12AA40C5481D}.Release|Any CPU.ActiveCfg = Release|iPhoneSimulator
		{7A47E835-AB00-4B7B-B329-12AA40C5481D}.Release|Any CPU.Build.0 = Release|iPhoneSimulator
		{7A47E835-AB00-4B7B-B329-12AA40C5481D}.Release|Any CPU.Deploy.0 = Release|iPhoneSimulator
		{7A47E835-AB00-4B7B-B329-12AA40C5481D}.Release|ARM.ActiveCfg = Release|iPhoneSimulator
		{7A47E835-AB00-4B7B-B329-12AA40C5481D}.Release|ARM.Build.0 = Release|iPhoneSimulator
		{7A47E835-AB00-4B7B-B329-12AA40C5481D}.Release|ARM.Deploy.0 = Release|iPhoneSimulator
		{7A47E835-AB00-4B7B-B329-12AA40C5481D}.Release|iPhone.ActiveCfg = Release|iPhone
		{7A47E835-AB00-4B7B-B329-12AA40C5481D}.Release|iPhone.Build.0 = Release|iPhone
		{7A47E835-AB00-4B7B-B329-12AA40C5481D}.Release|iPhone.Deploy.0 = Release|iPhone
		{7A47E835-AB00-4B7B-B329-12AA40C5481D}.Release|iPhoneSimulator.ActiveCfg = Release|iPhoneSimulator
		{7A47E835-AB00-4B7B-B329-12AA40C5481D}.Release|iPhoneSimulator.Build.0 = Release|iPhoneSimulator
		{7A47E835-AB00-4B7B-B329-12AA40C5481D}.Release|iPhoneSimulator.Deploy.0 = Release|iPhoneSimulator
		{7A47E835-AB00-4B7B-B329-12AA40C5481D}.Release|x64.ActiveCfg = Release|iPhoneSimulator
		{7A47E835-AB00-4B7B-B329-12AA40C5481D}.Release|x64.Build.0 = Release|iPhoneSimulator
		{7A47E835-AB00-4B7B-B329-12AA40C5481D}.Release|x64.Deploy.0 = Release|iPhoneSimulator
		{7A47E835-AB00-4B7B-B329-12AA40C5481D}.Release|x86.ActiveCfg = Release|iPhoneSimulator
		{7A47E835-AB00-4B7B-B329-12AA40C5481D}.Release|x86.Build.0 = Release|iPhoneSimulator
		{7A47E835-AB00-4B7B-B329-12AA40C5481D}.Release|x86.Deploy.0 = Release|iPhoneSimulator
		{80EB4F68-A588-418F-894F-FBAF4BCE1915}.Debug|Any CPU.ActiveCfg = Debug|Any CPU
		{80EB4F68-A588-418F-894F-FBAF4BCE1915}.Debug|Any CPU.Build.0 = Debug|Any CPU
		{80EB4F68-A588-418F-894F-FBAF4BCE1915}.Debug|Any CPU.Deploy.0 = Debug|Any CPU
		{80EB4F68-A588-418F-894F-FBAF4BCE1915}.Debug|ARM.ActiveCfg = Debug|Any CPU
		{80EB4F68-A588-418F-894F-FBAF4BCE1915}.Debug|ARM.Build.0 = Debug|Any CPU
		{80EB4F68-A588-418F-894F-FBAF4BCE1915}.Debug|ARM.Deploy.0 = Debug|Any CPU
		{80EB4F68-A588-418F-894F-FBAF4BCE1915}.Debug|iPhone.ActiveCfg = Debug|Any CPU
		{80EB4F68-A588-418F-894F-FBAF4BCE1915}.Debug|iPhone.Build.0 = Debug|Any CPU
		{80EB4F68-A588-418F-894F-FBAF4BCE1915}.Debug|iPhone.Deploy.0 = Debug|Any CPU
		{80EB4F68-A588-418F-894F-FBAF4BCE1915}.Debug|iPhoneSimulator.ActiveCfg = Debug|Any CPU
		{80EB4F68-A588-418F-894F-FBAF4BCE1915}.Debug|iPhoneSimulator.Build.0 = Debug|Any CPU
		{80EB4F68-A588-418F-894F-FBAF4BCE1915}.Debug|iPhoneSimulator.Deploy.0 = Debug|Any CPU
		{80EB4F68-A588-418F-894F-FBAF4BCE1915}.Debug|x64.ActiveCfg = Debug|Any CPU
		{80EB4F68-A588-418F-894F-FBAF4BCE1915}.Debug|x64.Build.0 = Debug|Any CPU
		{80EB4F68-A588-418F-894F-FBAF4BCE1915}.Debug|x64.Deploy.0 = Debug|Any CPU
		{80EB4F68-A588-418F-894F-FBAF4BCE1915}.Debug|x86.ActiveCfg = Debug|Any CPU
		{80EB4F68-A588-418F-894F-FBAF4BCE1915}.Debug|x86.Build.0 = Debug|Any CPU
		{80EB4F68-A588-418F-894F-FBAF4BCE1915}.Debug|x86.Deploy.0 = Debug|Any CPU
		{80EB4F68-A588-418F-894F-FBAF4BCE1915}.Release|Any CPU.ActiveCfg = Release|Any CPU
		{80EB4F68-A588-418F-894F-FBAF4BCE1915}.Release|Any CPU.Build.0 = Release|Any CPU
		{80EB4F68-A588-418F-894F-FBAF4BCE1915}.Release|Any CPU.Deploy.0 = Release|Any CPU
		{80EB4F68-A588-418F-894F-FBAF4BCE1915}.Release|ARM.ActiveCfg = Release|Any CPU
		{80EB4F68-A588-418F-894F-FBAF4BCE1915}.Release|ARM.Build.0 = Release|Any CPU
		{80EB4F68-A588-418F-894F-FBAF4BCE1915}.Release|ARM.Deploy.0 = Release|Any CPU
		{80EB4F68-A588-418F-894F-FBAF4BCE1915}.Release|iPhone.ActiveCfg = Release|Any CPU
		{80EB4F68-A588-418F-894F-FBAF4BCE1915}.Release|iPhone.Build.0 = Release|Any CPU
		{80EB4F68-A588-418F-894F-FBAF4BCE1915}.Release|iPhone.Deploy.0 = Release|Any CPU
		{80EB4F68-A588-418F-894F-FBAF4BCE1915}.Release|iPhoneSimulator.ActiveCfg = Release|Any CPU
		{80EB4F68-A588-418F-894F-FBAF4BCE1915}.Release|iPhoneSimulator.Build.0 = Release|Any CPU
		{80EB4F68-A588-418F-894F-FBAF4BCE1915}.Release|iPhoneSimulator.Deploy.0 = Release|Any CPU
		{80EB4F68-A588-418F-894F-FBAF4BCE1915}.Release|x64.ActiveCfg = Release|Any CPU
		{80EB4F68-A588-418F-894F-FBAF4BCE1915}.Release|x64.Build.0 = Release|Any CPU
		{80EB4F68-A588-418F-894F-FBAF4BCE1915}.Release|x64.Deploy.0 = Release|Any CPU
		{80EB4F68-A588-418F-894F-FBAF4BCE1915}.Release|x86.ActiveCfg = Release|Any CPU
		{80EB4F68-A588-418F-894F-FBAF4BCE1915}.Release|x86.Build.0 = Release|Any CPU
		{80EB4F68-A588-418F-894F-FBAF4BCE1915}.Release|x86.Deploy.0 = Release|Any CPU
	EndGlobalSection
	GlobalSection(SolutionProperties) = preSolution
		HideSolutionNode = FALSE
	EndGlobalSection
	GlobalSection(ExtensibilityGlobals) = postSolution
		SolutionGuid = {2C907CB0-3F25-4C82-90F8-E29C0DCF4EB5}
	EndGlobalSection
EndGlobal
